// !$*UTF8*$!
{
	archiveVersion = 1;
	classes = {
	};
	objectVersion = 55;
	objects = {

/* Begin PBXBuildFile section */
		0233861A2855C57B0081AC46 /* NftWalletApp.swift in Sources */ = {isa = PBXBuildFile; fileRef = 023386192855C57B0081AC46 /* NftWalletApp.swift */; };
		0233861C2855C57B0081AC46 /* RootView.swift in Sources */ = {isa = PBXBuildFile; fileRef = 0233861B2855C57B0081AC46 /* RootView.swift */; };
		0233861E2855C57C0081AC46 /* Assets.xcassets in Resources */ = {isa = PBXBuildFile; fileRef = 0233861D2855C57C0081AC46 /* Assets.xcassets */; };
		023386212855C57C0081AC46 /* Preview Assets.xcassets in Resources */ = {isa = PBXBuildFile; fileRef = 023386202855C57C0081AC46 /* Preview Assets.xcassets */; };
		023386292855C8270081AC46 /* ComposableArchitecture in Frameworks */ = {isa = PBXBuildFile; productRef = 023386282855C8270081AC46 /* ComposableArchitecture */; };
		0233862C2855C88F0081AC46 /* web3swift in Frameworks */ = {isa = PBXBuildFile; productRef = 0233862B2855C88F0081AC46 /* web3swift */; };
		023386302855C9260081AC46 /* RootVM.swift in Sources */ = {isa = PBXBuildFile; fileRef = 0233862F2855C9260081AC46 /* RootVM.swift */; };
		023386332855C9C20081AC46 /* DataStore.swift in Sources */ = {isa = PBXBuildFile; fileRef = 023386322855C9C20081AC46 /* DataStore.swift */; };
		023386352855CA3A0081AC46 /* Navigation+TCA.swift in Sources */ = {isa = PBXBuildFile; fileRef = 023386342855CA3A0081AC46 /* Navigation+TCA.swift */; };
		029E16F32855E5DE00827717 /* NftListVM.swift in Sources */ = {isa = PBXBuildFile; fileRef = 029E16F22855E5DE00827717 /* NftListVM.swift */; };
		029E16F62855E67600827717 /* NftAsset.swift in Sources */ = {isa = PBXBuildFile; fileRef = 029E16F52855E67600827717 /* NftAsset.swift */; };
		029E16F82855E69F00827717 /* Error.swift in Sources */ = {isa = PBXBuildFile; fileRef = 029E16F72855E69F00827717 /* Error.swift */; };
		029E16FC2855E74500827717 /* Alamofire in Frameworks */ = {isa = PBXBuildFile; productRef = 029E16FB2855E74500827717 /* Alamofire */; };
		029E16FE2855E79900827717 /* OpenSeaClient.swift in Sources */ = {isa = PBXBuildFile; fileRef = 029E16FD2855E79900827717 /* OpenSeaClient.swift */; };
		029E17002855E93700827717 /* OpenSeaGetAssets.swift in Sources */ = {isa = PBXBuildFile; fileRef = 029E16FF2855E93700827717 /* OpenSeaGetAssets.swift */; };
		029E17022855EFA900827717 /* NftListView.swift in Sources */ = {isa = PBXBuildFile; fileRef = 029E17012855EFA900827717 /* NftListView.swift */; };
		029E17052855F1A000827717 /* HUD.swift in Sources */ = {isa = PBXBuildFile; fileRef = 029E17042855F1A000827717 /* HUD.swift */; };
		029E17082855F1C800827717 /* ActivityIndicatorView in Frameworks */ = {isa = PBXBuildFile; productRef = 029E17072855F1C800827717 /* ActivityIndicatorView */; };
		029E170B2855F4A700827717 /* Environment.swift in Sources */ = {isa = PBXBuildFile; fileRef = 029E170A2855F4A700827717 /* Environment.swift */; };
/* End PBXBuildFile section */

/* Begin PBXFileReference section */
		023386162855C57B0081AC46 /* NFTウォレット.app */ = {isa = PBXFileReference; explicitFileType = wrapper.application; includeInIndex = 0; path = "NFTウォレット.app"; sourceTree = BUILT_PRODUCTS_DIR; };
		023386192855C57B0081AC46 /* NftWalletApp.swift */ = {isa = PBXFileReference; lastKnownFileType = sourcecode.swift; path = NftWalletApp.swift; sourceTree = "<group>"; };
		0233861B2855C57B0081AC46 /* RootView.swift */ = {isa = PBXFileReference; lastKnownFileType = sourcecode.swift; path = RootView.swift; sourceTree = "<group>"; };
		0233861D2855C57C0081AC46 /* Assets.xcassets */ = {isa = PBXFileReference; lastKnownFileType = folder.assetcatalog; path = Assets.xcassets; sourceTree = "<group>"; };
		023386202855C57C0081AC46 /* Preview Assets.xcassets */ = {isa = PBXFileReference; lastKnownFileType = folder.assetcatalog; path = "Preview Assets.xcassets"; sourceTree = "<group>"; };
		0233862F2855C9260081AC46 /* RootVM.swift */ = {isa = PBXFileReference; lastKnownFileType = sourcecode.swift; path = RootVM.swift; sourceTree = "<group>"; };
		023386322855C9C20081AC46 /* DataStore.swift */ = {isa = PBXFileReference; lastKnownFileType = sourcecode.swift; path = DataStore.swift; sourceTree = "<group>"; };
		023386342855CA3A0081AC46 /* Navigation+TCA.swift */ = {isa = PBXFileReference; lastKnownFileType = sourcecode.swift; path = "Navigation+TCA.swift"; sourceTree = "<group>"; };
		029E16F22855E5DE00827717 /* NftListVM.swift */ = {isa = PBXFileReference; lastKnownFileType = sourcecode.swift; path = NftListVM.swift; sourceTree = "<group>"; };
		029E16F52855E67600827717 /* NftAsset.swift */ = {isa = PBXFileReference; lastKnownFileType = sourcecode.swift; path = NftAsset.swift; sourceTree = "<group>"; };
		029E16F72855E69F00827717 /* Error.swift */ = {isa = PBXFileReference; lastKnownFileType = sourcecode.swift; path = Error.swift; sourceTree = "<group>"; };
		029E16FD2855E79900827717 /* OpenSeaClient.swift */ = {isa = PBXFileReference; lastKnownFileType = sourcecode.swift; path = OpenSeaClient.swift; sourceTree = "<group>"; };
		029E16FF2855E93700827717 /* OpenSeaGetAssets.swift */ = {isa = PBXFileReference; lastKnownFileType = sourcecode.swift; path = OpenSeaGetAssets.swift; sourceTree = "<group>"; };
		029E17012855EFA900827717 /* NftListView.swift */ = {isa = PBXFileReference; lastKnownFileType = sourcecode.swift; path = NftListView.swift; sourceTree = "<group>"; };
		029E17042855F1A000827717 /* HUD.swift */ = {isa = PBXFileReference; lastKnownFileType = sourcecode.swift; path = HUD.swift; sourceTree = "<group>"; };
		029E170A2855F4A700827717 /* Environment.swift */ = {isa = PBXFileReference; fileEncoding = 4; lastKnownFileType = sourcecode.swift; path = Environment.swift; sourceTree = "<group>"; };
/* End PBXFileReference section */

/* Begin PBXFrameworksBuildPhase section */
		023386132855C57B0081AC46 /* Frameworks */ = {
			isa = PBXFrameworksBuildPhase;
			buildActionMask = 2147483647;
			files = (
				029E16FC2855E74500827717 /* Alamofire in Frameworks */,
				023386292855C8270081AC46 /* ComposableArchitecture in Frameworks */,
				029E17082855F1C800827717 /* ActivityIndicatorView in Frameworks */,
				0233862C2855C88F0081AC46 /* web3swift in Frameworks */,
			);
			runOnlyForDeploymentPostprocessing = 0;
		};
/* End PBXFrameworksBuildPhase section */

/* Begin PBXGroup section */
		0233860D2855C57B0081AC46 = {
			isa = PBXGroup;
			children = (
				023386182855C57B0081AC46 /* NftWallet */,
				023386172855C57B0081AC46 /* Products */,
			);
			sourceTree = "<group>";
		};
		023386172855C57B0081AC46 /* Products */ = {
			isa = PBXGroup;
			children = (
				023386162855C57B0081AC46 /* NFTウォレット.app */,
			);
			name = Products;
			sourceTree = "<group>";
		};
		023386182855C57B0081AC46 /* NftWallet */ = {
			isa = PBXGroup;
			children = (
				023386312855C98A0081AC46 /* Infra */,
				029E16F42855E66100827717 /* Model */,
				0233862D2855C8F90081AC46 /* TCA */,
				0233862E2855C8FF0081AC46 /* UI */,
				023386192855C57B0081AC46 /* NftWalletApp.swift */,
				029E170A2855F4A700827717 /* Environment.swift */,
				0233861D2855C57C0081AC46 /* Assets.xcassets */,
				0233861F2855C57C0081AC46 /* Preview Content */,
			);
			path = NftWallet;
			sourceTree = "<group>";
		};
		0233861F2855C57C0081AC46 /* Preview Content */ = {
			isa = PBXGroup;
			children = (
				023386202855C57C0081AC46 /* Preview Assets.xcassets */,
			);
			path = "Preview Content";
			sourceTree = "<group>";
		};
		0233862D2855C8F90081AC46 /* TCA */ = {
			isa = PBXGroup;
			children = (
				0233862F2855C9260081AC46 /* RootVM.swift */,
				029E16F22855E5DE00827717 /* NftListVM.swift */,
				023386342855CA3A0081AC46 /* Navigation+TCA.swift */,
			);
			path = TCA;
			sourceTree = "<group>";
		};
		0233862E2855C8FF0081AC46 /* UI */ = {
			isa = PBXGroup;
			children = (
				029E17032855F19500827717 /* Component */,
				0233861B2855C57B0081AC46 /* RootView.swift */,
				029E17012855EFA900827717 /* NftListView.swift */,
			);
			path = UI;
			sourceTree = "<group>";
		};
		023386312855C98A0081AC46 /* Infra */ = {
			isa = PBXGroup;
			children = (
				029E16F92855E71500827717 /* OpenSea */,
				023386322855C9C20081AC46 /* DataStore.swift */,
			);
			path = Infra;
			sourceTree = "<group>";
		};
		029E16F42855E66100827717 /* Model */ = {
			isa = PBXGroup;
			children = (
				029E16F52855E67600827717 /* NftAsset.swift */,
				029E16F72855E69F00827717 /* Error.swift */,
			);
			path = Model;
			sourceTree = "<group>";
		};
		029E16F92855E71500827717 /* OpenSea */ = {
			isa = PBXGroup;
			children = (
				029E16FD2855E79900827717 /* OpenSeaClient.swift */,
				029E16FF2855E93700827717 /* OpenSeaGetAssets.swift */,
			);
			path = OpenSea;
			sourceTree = "<group>";
		};
		029E17032855F19500827717 /* Component */ = {
			isa = PBXGroup;
			children = (
				029E17042855F1A000827717 /* HUD.swift */,
			);
			path = Component;
			sourceTree = "<group>";
		};
/* End PBXGroup section */

/* Begin PBXNativeTarget section */
		023386152855C57B0081AC46 /* NftWallet */ = {
			isa = PBXNativeTarget;
			buildConfigurationList = 023386242855C57C0081AC46 /* Build configuration list for PBXNativeTarget "NftWallet" */;
			buildPhases = (
				029E17092855F41700827717 /* Build Env */,
				023386122855C57B0081AC46 /* Sources */,
				023386132855C57B0081AC46 /* Frameworks */,
				023386142855C57B0081AC46 /* Resources */,
			);
			buildRules = (
			);
			dependencies = (
			);
			name = NftWallet;
			packageProductDependencies = (
				023386282855C8270081AC46 /* ComposableArchitecture */,
				0233862B2855C88F0081AC46 /* web3swift */,
				029E16FB2855E74500827717 /* Alamofire */,
				029E17072855F1C800827717 /* ActivityIndicatorView */,
			);
			productName = NftWallet;
			productReference = 023386162855C57B0081AC46 /* NFTウォレット.app */;
			productType = "com.apple.product-type.application";
		};
/* End PBXNativeTarget section */

/* Begin PBXProject section */
		0233860E2855C57B0081AC46 /* Project object */ = {
			isa = PBXProject;
			attributes = {
				BuildIndependentTargetsInParallel = 1;
				LastSwiftUpdateCheck = 1340;
				LastUpgradeCheck = 1340;
				TargetAttributes = {
					023386152855C57B0081AC46 = {
						CreatedOnToolsVersion = 13.4.1;
					};
				};
			};
			buildConfigurationList = 023386112855C57B0081AC46 /* Build configuration list for PBXProject "NftWallet" */;
			compatibilityVersion = "Xcode 13.0";
			developmentRegion = en;
			hasScannedForEncodings = 0;
			knownRegions = (
				en,
				Base,
			);
			mainGroup = 0233860D2855C57B0081AC46;
			packageReferences = (
				023386272855C8270081AC46 /* XCRemoteSwiftPackageReference "swift-composable-architecture" */,
				0233862A2855C88F0081AC46 /* XCRemoteSwiftPackageReference "web3swift" */,
				029E16FA2855E74400827717 /* XCRemoteSwiftPackageReference "Alamofire" */,
				029E17062855F1C800827717 /* XCRemoteSwiftPackageReference "ActivityIndicatorView" */,
			);
			productRefGroup = 023386172855C57B0081AC46 /* Products */;
			projectDirPath = "";
			projectRoot = "";
			targets = (
				023386152855C57B0081AC46 /* NftWallet */,
			);
		};
/* End PBXProject section */

/* Begin PBXResourcesBuildPhase section */
		023386142855C57B0081AC46 /* Resources */ = {
			isa = PBXResourcesBuildPhase;
			buildActionMask = 2147483647;
			files = (
				023386212855C57C0081AC46 /* Preview Assets.xcassets in Resources */,
				0233861E2855C57C0081AC46 /* Assets.xcassets in Resources */,
			);
			runOnlyForDeploymentPostprocessing = 0;
		};
/* End PBXResourcesBuildPhase section */

/* Begin PBXShellScriptBuildPhase section */
		029E17092855F41700827717 /* Build Env */ = {
			isa = PBXShellScriptBuildPhase;
			buildActionMask = 2147483647;
			files = (
			);
			inputFileListPaths = (
			);
			inputPaths = (
			);
			name = "Build Env";
			outputFileListPaths = (
			);
			outputPaths = (
			);
			runOnlyForDeploymentPostprocessing = 0;
			shellPath = /bin/sh;
			shellScript = "\"${SRCROOT}/build-env.sh\" \"${SRCROOT}/.env\" \"${SRCROOT}/${PROJECT}\"\n";
		};
/* End PBXShellScriptBuildPhase section */

/* Begin PBXSourcesBuildPhase section */
		023386122855C57B0081AC46 /* Sources */ = {
			isa = PBXSourcesBuildPhase;
			buildActionMask = 2147483647;
			files = (
				029E16F82855E69F00827717 /* Error.swift in Sources */,
				023386352855CA3A0081AC46 /* Navigation+TCA.swift in Sources */,
				023386302855C9260081AC46 /* RootVM.swift in Sources */,
				023386332855C9C20081AC46 /* DataStore.swift in Sources */,
				0233861C2855C57B0081AC46 /* RootView.swift in Sources */,
				029E17002855E93700827717 /* OpenSeaGetAssets.swift in Sources */,
				029E16FE2855E79900827717 /* OpenSeaClient.swift in Sources */,
				0233861A2855C57B0081AC46 /* NftWalletApp.swift in Sources */,
				029E170B2855F4A700827717 /* Environment.swift in Sources */,
				029E16F62855E67600827717 /* NftAsset.swift in Sources */,
				029E17052855F1A000827717 /* HUD.swift in Sources */,
				029E17022855EFA900827717 /* NftListView.swift in Sources */,
				029E16F32855E5DE00827717 /* NftListVM.swift in Sources */,
			);
			runOnlyForDeploymentPostprocessing = 0;
		};
/* End PBXSourcesBuildPhase section */

/* Begin XCBuildConfiguration section */
		023386222855C57C0081AC46 /* Debug */ = {
			isa = XCBuildConfiguration;
			buildSettings = {
				ALWAYS_SEARCH_USER_PATHS = NO;
				CLANG_ANALYZER_NONNULL = YES;
				CLANG_ANALYZER_NUMBER_OBJECT_CONVERSION = YES_AGGRESSIVE;
				CLANG_CXX_LANGUAGE_STANDARD = "gnu++17";
				CLANG_ENABLE_MODULES = YES;
				CLANG_ENABLE_OBJC_ARC = YES;
				CLANG_ENABLE_OBJC_WEAK = YES;
				CLANG_WARN_BLOCK_CAPTURE_AUTORELEASING = YES;
				CLANG_WARN_BOOL_CONVERSION = YES;
				CLANG_WARN_COMMA = YES;
				CLANG_WARN_CONSTANT_CONVERSION = YES;
				CLANG_WARN_DEPRECATED_OBJC_IMPLEMENTATIONS = YES;
				CLANG_WARN_DIRECT_OBJC_ISA_USAGE = YES_ERROR;
				CLANG_WARN_DOCUMENTATION_COMMENTS = YES;
				CLANG_WARN_EMPTY_BODY = YES;
				CLANG_WARN_ENUM_CONVERSION = YES;
				CLANG_WARN_INFINITE_RECURSION = YES;
				CLANG_WARN_INT_CONVERSION = YES;
				CLANG_WARN_NON_LITERAL_NULL_CONVERSION = YES;
				CLANG_WARN_OBJC_IMPLICIT_RETAIN_SELF = YES;
				CLANG_WARN_OBJC_LITERAL_CONVERSION = YES;
				CLANG_WARN_OBJC_ROOT_CLASS = YES_ERROR;
				CLANG_WARN_QUOTED_INCLUDE_IN_FRAMEWORK_HEADER = YES;
				CLANG_WARN_RANGE_LOOP_ANALYSIS = YES;
				CLANG_WARN_STRICT_PROTOTYPES = YES;
				CLANG_WARN_SUSPICIOUS_MOVE = YES;
				CLANG_WARN_UNGUARDED_AVAILABILITY = YES_AGGRESSIVE;
				CLANG_WARN_UNREACHABLE_CODE = YES;
				CLANG_WARN__DUPLICATE_METHOD_MATCH = YES;
				COPY_PHASE_STRIP = NO;
				DEBUG_INFORMATION_FORMAT = dwarf;
				ENABLE_STRICT_OBJC_MSGSEND = YES;
				ENABLE_TESTABILITY = YES;
				GCC_C_LANGUAGE_STANDARD = gnu11;
				GCC_DYNAMIC_NO_PIC = NO;
				GCC_NO_COMMON_BLOCKS = YES;
				GCC_OPTIMIZATION_LEVEL = 0;
				GCC_PREPROCESSOR_DEFINITIONS = (
					"DEBUG=1",
					"$(inherited)",
				);
				GCC_WARN_64_TO_32_BIT_CONVERSION = YES;
				GCC_WARN_ABOUT_RETURN_TYPE = YES_ERROR;
				GCC_WARN_UNDECLARED_SELECTOR = YES;
				GCC_WARN_UNINITIALIZED_AUTOS = YES_AGGRESSIVE;
				GCC_WARN_UNUSED_FUNCTION = YES;
				GCC_WARN_UNUSED_VARIABLE = YES;
				IPHONEOS_DEPLOYMENT_TARGET = 15.5;
				MTL_ENABLE_DEBUG_INFO = INCLUDE_SOURCE;
				MTL_FAST_MATH = YES;
				ONLY_ACTIVE_ARCH = YES;
				SDKROOT = iphoneos;
				SWIFT_ACTIVE_COMPILATION_CONDITIONS = DEBUG;
				SWIFT_OPTIMIZATION_LEVEL = "-Onone";
			};
			name = Debug;
		};
		023386232855C57C0081AC46 /* Release */ = {
			isa = XCBuildConfiguration;
			buildSettings = {
				ALWAYS_SEARCH_USER_PATHS = NO;
				CLANG_ANALYZER_NONNULL = YES;
				CLANG_ANALYZER_NUMBER_OBJECT_CONVERSION = YES_AGGRESSIVE;
				CLANG_CXX_LANGUAGE_STANDARD = "gnu++17";
				CLANG_ENABLE_MODULES = YES;
				CLANG_ENABLE_OBJC_ARC = YES;
				CLANG_ENABLE_OBJC_WEAK = YES;
				CLANG_WARN_BLOCK_CAPTURE_AUTORELEASING = YES;
				CLANG_WARN_BOOL_CONVERSION = YES;
				CLANG_WARN_COMMA = YES;
				CLANG_WARN_CONSTANT_CONVERSION = YES;
				CLANG_WARN_DEPRECATED_OBJC_IMPLEMENTATIONS = YES;
				CLANG_WARN_DIRECT_OBJC_ISA_USAGE = YES_ERROR;
				CLANG_WARN_DOCUMENTATION_COMMENTS = YES;
				CLANG_WARN_EMPTY_BODY = YES;
				CLANG_WARN_ENUM_CONVERSION = YES;
				CLANG_WARN_INFINITE_RECURSION = YES;
				CLANG_WARN_INT_CONVERSION = YES;
				CLANG_WARN_NON_LITERAL_NULL_CONVERSION = YES;
				CLANG_WARN_OBJC_IMPLICIT_RETAIN_SELF = YES;
				CLANG_WARN_OBJC_LITERAL_CONVERSION = YES;
				CLANG_WARN_OBJC_ROOT_CLASS = YES_ERROR;
				CLANG_WARN_QUOTED_INCLUDE_IN_FRAMEWORK_HEADER = YES;
				CLANG_WARN_RANGE_LOOP_ANALYSIS = YES;
				CLANG_WARN_STRICT_PROTOTYPES = YES;
				CLANG_WARN_SUSPICIOUS_MOVE = YES;
				CLANG_WARN_UNGUARDED_AVAILABILITY = YES_AGGRESSIVE;
				CLANG_WARN_UNREACHABLE_CODE = YES;
				CLANG_WARN__DUPLICATE_METHOD_MATCH = YES;
				COPY_PHASE_STRIP = NO;
				DEBUG_INFORMATION_FORMAT = "dwarf-with-dsym";
				ENABLE_NS_ASSERTIONS = NO;
				ENABLE_STRICT_OBJC_MSGSEND = YES;
				GCC_C_LANGUAGE_STANDARD = gnu11;
				GCC_NO_COMMON_BLOCKS = YES;
				GCC_WARN_64_TO_32_BIT_CONVERSION = YES;
				GCC_WARN_ABOUT_RETURN_TYPE = YES_ERROR;
				GCC_WARN_UNDECLARED_SELECTOR = YES;
				GCC_WARN_UNINITIALIZED_AUTOS = YES_AGGRESSIVE;
				GCC_WARN_UNUSED_FUNCTION = YES;
				GCC_WARN_UNUSED_VARIABLE = YES;
				IPHONEOS_DEPLOYMENT_TARGET = 15.5;
				MTL_ENABLE_DEBUG_INFO = NO;
				MTL_FAST_MATH = YES;
				SDKROOT = iphoneos;
				SWIFT_COMPILATION_MODE = wholemodule;
				SWIFT_OPTIMIZATION_LEVEL = "-O";
				VALIDATE_PRODUCT = YES;
			};
			name = Release;
		};
		023386252855C57C0081AC46 /* Debug */ = {
			isa = XCBuildConfiguration;
			buildSettings = {
				ASSETCATALOG_COMPILER_APPICON_NAME = AppIcon;
				ASSETCATALOG_COMPILER_GLOBAL_ACCENT_COLOR_NAME = AccentColor;
				CODE_SIGN_IDENTITY = "iPhone Developer";
				CODE_SIGN_STYLE = Manual;
				CURRENT_PROJECT_VERSION = 1;
				DEVELOPMENT_ASSET_PATHS = "\"NftWallet/Preview Content\"";
				DEVELOPMENT_TEAM = 39KF2M8S75;
				ENABLE_PREVIEWS = YES;
				GENERATE_INFOPLIST_FILE = YES;
				INFOPLIST_KEY_UIApplicationSceneManifest_Generation = YES;
				INFOPLIST_KEY_UIApplicationSupportsIndirectInputEvents = YES;
				INFOPLIST_KEY_UILaunchScreen_Generation = YES;
				INFOPLIST_KEY_UISupportedInterfaceOrientations_iPad = "UIInterfaceOrientationPortrait UIInterfaceOrientationPortraitUpsideDown UIInterfaceOrientationLandscapeLeft UIInterfaceOrientationLandscapeRight";
				INFOPLIST_KEY_UISupportedInterfaceOrientations_iPhone = "UIInterfaceOrientationPortrait UIInterfaceOrientationLandscapeLeft UIInterfaceOrientationLandscapeRight";
				LD_RUNPATH_SEARCH_PATHS = (
					"$(inherited)",
					"@executable_path/Frameworks",
				);
				MARKETING_VERSION = 1.0;
				PRODUCT_BUNDLE_IDENTIFIER = "app.akiho.nft-wallet";
				PRODUCT_NAME = "NFTウォレット";
				PROVISIONING_PROFILE_SPECIFIER = "nft wallet dev";
				SWIFT_EMIT_LOC_STRINGS = YES;
				SWIFT_VERSION = 5.0;
				TARGETED_DEVICE_FAMILY = 1;
			};
			name = Debug;
		};
		023386262855C57C0081AC46 /* Release */ = {
			isa = XCBuildConfiguration;
			buildSettings = {
				ASSETCATALOG_COMPILER_APPICON_NAME = AppIcon;
				ASSETCATALOG_COMPILER_GLOBAL_ACCENT_COLOR_NAME = AccentColor;
				CODE_SIGN_IDENTITY = "iPhone Developer";
				CODE_SIGN_STYLE = Manual;
				CURRENT_PROJECT_VERSION = 1;
				DEVELOPMENT_ASSET_PATHS = "\"NftWallet/Preview Content\"";
				DEVELOPMENT_TEAM = 39KF2M8S75;
				ENABLE_PREVIEWS = YES;
				GENERATE_INFOPLIST_FILE = YES;
				INFOPLIST_KEY_UIApplicationSceneManifest_Generation = YES;
				INFOPLIST_KEY_UIApplicationSupportsIndirectInputEvents = YES;
				INFOPLIST_KEY_UILaunchScreen_Generation = YES;
				INFOPLIST_KEY_UISupportedInterfaceOrientations_iPad = "UIInterfaceOrientationPortrait UIInterfaceOrientationPortraitUpsideDown UIInterfaceOrientationLandscapeLeft UIInterfaceOrientationLandscapeRight";
				INFOPLIST_KEY_UISupportedInterfaceOrientations_iPhone = "UIInterfaceOrientationPortrait UIInterfaceOrientationLandscapeLeft UIInterfaceOrientationLandscapeRight";
				LD_RUNPATH_SEARCH_PATHS = (
					"$(inherited)",
					"@executable_path/Frameworks",
				);
				MARKETING_VERSION = 1.0;
				PRODUCT_BUNDLE_IDENTIFIER = "app.akiho.nft-wallet";
				PRODUCT_NAME = "NFTウォレット";
				PROVISIONING_PROFILE_SPECIFIER = "nft wallet dev";
				SWIFT_EMIT_LOC_STRINGS = YES;
				SWIFT_VERSION = 5.0;
				TARGETED_DEVICE_FAMILY = 1;
			};
			name = Release;
		};
/* End XCBuildConfiguration section */

/* Begin XCConfigurationList section */
		023386112855C57B0081AC46 /* Build configuration list for PBXProject "NftWallet" */ = {
			isa = XCConfigurationList;
			buildConfigurations = (
				023386222855C57C0081AC46 /* Debug */,
				023386232855C57C0081AC46 /* Release */,
			);
			defaultConfigurationIsVisible = 0;
			defaultConfigurationName = Release;
		};
		023386242855C57C0081AC46 /* Build configuration list for PBXNativeTarget "NftWallet" */ = {
			isa = XCConfigurationList;
			buildConfigurations = (
				023386252855C57C0081AC46 /* Debug */,
				023386262855C57C0081AC46 /* Release */,
			);
			defaultConfigurationIsVisible = 0;
			defaultConfigurationName = Release;
		};
/* End XCConfigurationList section */

/* Begin XCRemoteSwiftPackageReference section */
		023386272855C8270081AC46 /* XCRemoteSwiftPackageReference "swift-composable-architecture" */ = {
			isa = XCRemoteSwiftPackageReference;
			repositoryURL = "https://github.com/pointfreeco/swift-composable-architecture";
			requirement = {
				branch = main;
				kind = branch;
			};
		};
		0233862A2855C88F0081AC46 /* XCRemoteSwiftPackageReference "web3swift" */ = {
			isa = XCRemoteSwiftPackageReference;
			repositoryURL = "https://github.com/skywinder/web3swift.git";
			requirement = {
				branch = develop;
				kind = branch;
			};
		};
		029E16FA2855E74400827717 /* XCRemoteSwiftPackageReference "Alamofire" */ = {
			isa = XCRemoteSwiftPackageReference;
			repositoryURL = "https://github.com/Alamofire/Alamofire.git";
			requirement = {
				branch = master;
				kind = branch;
			};
		};
		029E17062855F1C800827717 /* XCRemoteSwiftPackageReference "ActivityIndicatorView" */ = {
			isa = XCRemoteSwiftPackageReference;
			repositoryURL = "https://github.com/exyte/ActivityIndicatorView.git";
			requirement = {
				branch = master;
				kind = branch;
			};
		};
/* End XCRemoteSwiftPackageReference section */

/* Begin XCSwiftPackageProductDependency section */
		023386282855C8270081AC46 /* ComposableArchitecture */ = {
			isa = XCSwiftPackageProductDependency;
			package = 023386272855C8270081AC46 /* XCRemoteSwiftPackageReference "swift-composable-architecture" */;
			productName = ComposableArchitecture;
		};
		0233862B2855C88F0081AC46 /* web3swift */ = {
			isa = XCSwiftPackageProductDependency;
			package = 0233862A2855C88F0081AC46 /* XCRemoteSwiftPackageReference "web3swift" */;
			productName = web3swift;
		};
		029E16FB2855E74500827717 /* Alamofire */ = {
			isa = XCSwiftPackageProductDependency;
			package = 029E16FA2855E74400827717 /* XCRemoteSwiftPackageReference "Alamofire" */;
			productName = Alamofire;
		};
		029E17072855F1C800827717 /* ActivityIndicatorView */ = {
			isa = XCSwiftPackageProductDependency;
			package = 029E17062855F1C800827717 /* XCRemoteSwiftPackageReference "ActivityIndicatorView" */;
			productName = ActivityIndicatorView;
		};
/* End XCSwiftPackageProductDependency section */
	};
	rootObject = 0233860E2855C57B0081AC46 /* Project object */;
}
